// !$*UTF8*$!
{
	archiveVersion = 1;
	classes = {
	};
	objectVersion = 56;
	objects = {

/* Begin PBXBuildFile section */
		A16628AB2AAADFAE00434C92 /* LinksApp.swift in Sources */ = {isa = PBXBuildFile; fileRef = A16628AA2AAADFAE00434C92 /* LinksApp.swift */; };
		A16628AD2AAADFAE00434C92 /* LinksView.swift in Sources */ = {isa = PBXBuildFile; fileRef = A16628AC2AAADFAE00434C92 /* LinksView.swift */; };
		A16628AF2AAADFAF00434C92 /* Assets.xcassets in Resources */ = {isa = PBXBuildFile; fileRef = A16628AE2AAADFAF00434C92 /* Assets.xcassets */; };
		A16628B22AAADFAF00434C92 /* Preview Assets.xcassets in Resources */ = {isa = PBXBuildFile; fileRef = A16628B12AAADFAF00434C92 /* Preview Assets.xcassets */; };
		A16628BC2AAADFAF00434C92 /* LinksTests.swift in Sources */ = {isa = PBXBuildFile; fileRef = A16628BB2AAADFAF00434C92 /* LinksTests.swift */; };
		A16628C62AAADFAF00434C92 /* LinksUITests.swift in Sources */ = {isa = PBXBuildFile; fileRef = A16628C52AAADFAF00434C92 /* LinksUITests.swift */; };
		A16628C82AAADFAF00434C92 /* LinksUITestsLaunchTests.swift in Sources */ = {isa = PBXBuildFile; fileRef = A16628C72AAADFAF00434C92 /* LinksUITestsLaunchTests.swift */; };
		A16628D72AAAEA4D00434C92 /* Link.swift in Sources */ = {isa = PBXBuildFile; fileRef = A16628D62AAAEA4D00434C92 /* Link.swift */; };
		A16628D92AAB117F00434C92 /* LinkEditlView.swift in Sources */ = {isa = PBXBuildFile; fileRef = A16628D82AAB117F00434C92 /* LinkEditlView.swift */; };
		A16628DC2AAB1D7900434C92 /* QRCodeUtilities.swift in Sources */ = {isa = PBXBuildFile; fileRef = A16628DB2AAB1D7900434C92 /* QRCodeUtilities.swift */; };
		A16628DE2AAB276A00434C92 /* QRCodeView.swift in Sources */ = {isa = PBXBuildFile; fileRef = A16628DD2AAB276A00434C92 /* QRCodeView.swift */; };
/* End PBXBuildFile section */

/* Begin PBXContainerItemProxy section */
		A16628B82AAADFAF00434C92 /* PBXContainerItemProxy */ = {
			isa = PBXContainerItemProxy;
			containerPortal = A166289F2AAADFAE00434C92 /* Project object */;
			proxyType = 1;
			remoteGlobalIDString = A16628A62AAADFAE00434C92;
			remoteInfo = Links;
		};
		A16628C22AAADFAF00434C92 /* PBXContainerItemProxy */ = {
			isa = PBXContainerItemProxy;
			containerPortal = A166289F2AAADFAE00434C92 /* Project object */;
			proxyType = 1;
			remoteGlobalIDString = A16628A62AAADFAE00434C92;
			remoteInfo = Links;
		};
/* End PBXContainerItemProxy section */

/* Begin PBXFileReference section */
		A16628A72AAADFAE00434C92 /* Links.app */ = {isa = PBXFileReference; explicitFileType = wrapper.application; includeInIndex = 0; path = Links.app; sourceTree = BUILT_PRODUCTS_DIR; };
		A16628AA2AAADFAE00434C92 /* LinksApp.swift */ = {isa = PBXFileReference; lastKnownFileType = sourcecode.swift; path = LinksApp.swift; sourceTree = "<group>"; };
		A16628AC2AAADFAE00434C92 /* LinksView.swift */ = {isa = PBXFileReference; lastKnownFileType = sourcecode.swift; path = LinksView.swift; sourceTree = "<group>"; };
		A16628AE2AAADFAF00434C92 /* Assets.xcassets */ = {isa = PBXFileReference; lastKnownFileType = folder.assetcatalog; path = Assets.xcassets; sourceTree = "<group>"; };
		A16628B12AAADFAF00434C92 /* Preview Assets.xcassets */ = {isa = PBXFileReference; lastKnownFileType = folder.assetcatalog; path = "Preview Assets.xcassets"; sourceTree = "<group>"; };
		A16628B72AAADFAF00434C92 /* LinksTests.xctest */ = {isa = PBXFileReference; explicitFileType = wrapper.cfbundle; includeInIndex = 0; path = LinksTests.xctest; sourceTree = BUILT_PRODUCTS_DIR; };
		A16628BB2AAADFAF00434C92 /* LinksTests.swift */ = {isa = PBXFileReference; lastKnownFileType = sourcecode.swift; path = LinksTests.swift; sourceTree = "<group>"; };
		A16628C12AAADFAF00434C92 /* LinksUITests.xctest */ = {isa = PBXFileReference; explicitFileType = wrapper.cfbundle; includeInIndex = 0; path = LinksUITests.xctest; sourceTree = BUILT_PRODUCTS_DIR; };
		A16628C52AAADFAF00434C92 /* LinksUITests.swift */ = {isa = PBXFileReference; lastKnownFileType = sourcecode.swift; path = LinksUITests.swift; sourceTree = "<group>"; };
		A16628C72AAADFAF00434C92 /* LinksUITestsLaunchTests.swift */ = {isa = PBXFileReference; lastKnownFileType = sourcecode.swift; path = LinksUITestsLaunchTests.swift; sourceTree = "<group>"; };
		A16628D62AAAEA4D00434C92 /* Link.swift */ = {isa = PBXFileReference; lastKnownFileType = sourcecode.swift; path = Link.swift; sourceTree = "<group>"; };
		A16628D82AAB117F00434C92 /* LinkEditlView.swift */ = {isa = PBXFileReference; lastKnownFileType = sourcecode.swift; path = LinkEditlView.swift; sourceTree = "<group>"; };
		A16628DB2AAB1D7900434C92 /* QRCodeUtilities.swift */ = {isa = PBXFileReference; lastKnownFileType = sourcecode.swift; path = QRCodeUtilities.swift; sourceTree = "<group>"; };
		A16628DD2AAB276A00434C92 /* QRCodeView.swift */ = {isa = PBXFileReference; lastKnownFileType = sourcecode.swift; path = QRCodeView.swift; sourceTree = "<group>"; };
/* End PBXFileReference section */

/* Begin PBXFrameworksBuildPhase section */
		A16628A42AAADFAE00434C92 /* Frameworks */ = {
			isa = PBXFrameworksBuildPhase;
			buildActionMask = 2147483647;
			files = (
			);
			runOnlyForDeploymentPostprocessing = 0;
		};
		A16628B42AAADFAF00434C92 /* Frameworks */ = {
			isa = PBXFrameworksBuildPhase;
			buildActionMask = 2147483647;
			files = (
			);
			runOnlyForDeploymentPostprocessing = 0;
		};
		A16628BE2AAADFAF00434C92 /* Frameworks */ = {
			isa = PBXFrameworksBuildPhase;
			buildActionMask = 2147483647;
			files = (
			);
			runOnlyForDeploymentPostprocessing = 0;
		};
/* End PBXFrameworksBuildPhase section */

/* Begin PBXGroup section */
		A166289E2AAADFAE00434C92 = {
			isa = PBXGroup;
			children = (
				A16628A92AAADFAE00434C92 /* Links */,
				A16628BA2AAADFAF00434C92 /* LinksTests */,
				A16628C42AAADFAF00434C92 /* LinksUITests */,
				A16628A82AAADFAE00434C92 /* Products */,
			);
			sourceTree = "<group>";
		};
		A16628A82AAADFAE00434C92 /* Products */ = {
			isa = PBXGroup;
			children = (
				A16628A72AAADFAE00434C92 /* Links.app */,
				A16628B72AAADFAF00434C92 /* LinksTests.xctest */,
				A16628C12AAADFAF00434C92 /* LinksUITests.xctest */,
			);
			name = Products;
			sourceTree = "<group>";
		};
		A16628A92AAADFAE00434C92 /* Links */ = {
			isa = PBXGroup;
			children = (
				A16628AA2AAADFAE00434C92 /* LinksApp.swift */,
				A16628D42AAADFCF00434C92 /* Views */,
				A16628D52AAAE9CD00434C92 /* Models */,
				A16628DA2AAB1CF500434C92 /* Utilities */,
				A16628AE2AAADFAF00434C92 /* Assets.xcassets */,
				A16628B02AAADFAF00434C92 /* Preview Content */,
			);
			path = Links;
			sourceTree = "<group>";
		};
		A16628B02AAADFAF00434C92 /* Preview Content */ = {
			isa = PBXGroup;
			children = (
				A16628B12AAADFAF00434C92 /* Preview Assets.xcassets */,
			);
			path = "Preview Content";
			sourceTree = "<group>";
		};
		A16628BA2AAADFAF00434C92 /* LinksTests */ = {
			isa = PBXGroup;
			children = (
				A16628BB2AAADFAF00434C92 /* LinksTests.swift */,
			);
			path = LinksTests;
			sourceTree = "<group>";
		};
		A16628C42AAADFAF00434C92 /* LinksUITests */ = {
			isa = PBXGroup;
			children = (
				A16628C52AAADFAF00434C92 /* LinksUITests.swift */,
				A16628C72AAADFAF00434C92 /* LinksUITestsLaunchTests.swift */,
			);
			path = LinksUITests;
			sourceTree = "<group>";
		};
		A16628D42AAADFCF00434C92 /* Views */ = {
			isa = PBXGroup;
			children = (
				A16628AC2AAADFAE00434C92 /* LinksView.swift */,
				A16628D82AAB117F00434C92 /* LinkEditlView.swift */,
				A16628DD2AAB276A00434C92 /* QRCodeView.swift */,
			);
			path = Views;
			sourceTree = "<group>";
		};
		A16628D52AAAE9CD00434C92 /* Models */ = {
			isa = PBXGroup;
			children = (
				A16628D62AAAEA4D00434C92 /* Link.swift */,
			);
			path = Models;
			sourceTree = "<group>";
		};
		A16628DA2AAB1CF500434C92 /* Utilities */ = {
			isa = PBXGroup;
			children = (
				A16628DB2AAB1D7900434C92 /* QRCodeUtilities.swift */,
			);
			path = Utilities;
			sourceTree = "<group>";
		};
/* End PBXGroup section */

/* Begin PBXNativeTarget section */
		A16628A62AAADFAE00434C92 /* Links */ = {
			isa = PBXNativeTarget;
			buildConfigurationList = A16628CB2AAADFAF00434C92 /* Build configuration list for PBXNativeTarget "Links" */;
			buildPhases = (
				A16628A32AAADFAE00434C92 /* Sources */,
				A16628A42AAADFAE00434C92 /* Frameworks */,
				A16628A52AAADFAE00434C92 /* Resources */,
			);
			buildRules = (
			);
			dependencies = (
			);
			name = Links;
			productName = Links;
			productReference = A16628A72AAADFAE00434C92 /* Links.app */;
			productType = "com.apple.product-type.application";
		};
		A16628B62AAADFAF00434C92 /* LinksTests */ = {
			isa = PBXNativeTarget;
			buildConfigurationList = A16628CE2AAADFAF00434C92 /* Build configuration list for PBXNativeTarget "LinksTests" */;
			buildPhases = (
				A16628B32AAADFAF00434C92 /* Sources */,
				A16628B42AAADFAF00434C92 /* Frameworks */,
				A16628B52AAADFAF00434C92 /* Resources */,
			);
			buildRules = (
			);
			dependencies = (
				A16628B92AAADFAF00434C92 /* PBXTargetDependency */,
			);
			name = LinksTests;
			productName = LinksTests;
			productReference = A16628B72AAADFAF00434C92 /* LinksTests.xctest */;
			productType = "com.apple.product-type.bundle.unit-test";
		};
		A16628C02AAADFAF00434C92 /* LinksUITests */ = {
			isa = PBXNativeTarget;
			buildConfigurationList = A16628D12AAADFAF00434C92 /* Build configuration list for PBXNativeTarget "LinksUITests" */;
			buildPhases = (
				A16628BD2AAADFAF00434C92 /* Sources */,
				A16628BE2AAADFAF00434C92 /* Frameworks */,
				A16628BF2AAADFAF00434C92 /* Resources */,
			);
			buildRules = (
			);
			dependencies = (
				A16628C32AAADFAF00434C92 /* PBXTargetDependency */,
			);
			name = LinksUITests;
			productName = LinksUITests;
			productReference = A16628C12AAADFAF00434C92 /* LinksUITests.xctest */;
			productType = "com.apple.product-type.bundle.ui-testing";
		};
/* End PBXNativeTarget section */

/* Begin PBXProject section */
		A166289F2AAADFAE00434C92 /* Project object */ = {
			isa = PBXProject;
			attributes = {
				BuildIndependentTargetsInParallel = 1;
				LastSwiftUpdateCheck = 1430;
				LastUpgradeCheck = 1430;
				TargetAttributes = {
					A16628A62AAADFAE00434C92 = {
						CreatedOnToolsVersion = 14.3.1;
					};
					A16628B62AAADFAF00434C92 = {
						CreatedOnToolsVersion = 14.3.1;
						TestTargetID = A16628A62AAADFAE00434C92;
					};
					A16628C02AAADFAF00434C92 = {
						CreatedOnToolsVersion = 14.3.1;
						TestTargetID = A16628A62AAADFAE00434C92;
					};
				};
			};
			buildConfigurationList = A16628A22AAADFAE00434C92 /* Build configuration list for PBXProject "Links" */;
			compatibilityVersion = "Xcode 14.0";
			developmentRegion = en;
			hasScannedForEncodings = 0;
			knownRegions = (
				en,
				Base,
			);
			mainGroup = A166289E2AAADFAE00434C92;
			productRefGroup = A16628A82AAADFAE00434C92 /* Products */;
			projectDirPath = "";
			projectRoot = "";
			targets = (
				A16628A62AAADFAE00434C92 /* Links */,
				A16628B62AAADFAF00434C92 /* LinksTests */,
				A16628C02AAADFAF00434C92 /* LinksUITests */,
			);
		};
/* End PBXProject section */

/* Begin PBXResourcesBuildPhase section */
		A16628A52AAADFAE00434C92 /* Resources */ = {
			isa = PBXResourcesBuildPhase;
			buildActionMask = 2147483647;
			files = (
				A16628B22AAADFAF00434C92 /* Preview Assets.xcassets in Resources */,
				A16628AF2AAADFAF00434C92 /* Assets.xcassets in Resources */,
			);
			runOnlyForDeploymentPostprocessing = 0;
		};
		A16628B52AAADFAF00434C92 /* Resources */ = {
			isa = PBXResourcesBuildPhase;
			buildActionMask = 2147483647;
			files = (
			);
			runOnlyForDeploymentPostprocessing = 0;
		};
		A16628BF2AAADFAF00434C92 /* Resources */ = {
			isa = PBXResourcesBuildPhase;
			buildActionMask = 2147483647;
			files = (
			);
			runOnlyForDeploymentPostprocessing = 0;
		};
/* End PBXResourcesBuildPhase section */

/* Begin PBXSourcesBuildPhase section */
		A16628A32AAADFAE00434C92 /* Sources */ = {
			isa = PBXSourcesBuildPhase;
			buildActionMask = 2147483647;
			files = (
				A16628DE2AAB276A00434C92 /* QRCodeView.swift in Sources */,
				A16628D72AAAEA4D00434C92 /* Link.swift in Sources */,
				A16628DC2AAB1D7900434C92 /* QRCodeUtilities.swift in Sources */,
				A16628AD2AAADFAE00434C92 /* LinksView.swift in Sources */,
				A16628AB2AAADFAE00434C92 /* LinksApp.swift in Sources */,
				A16628D92AAB117F00434C92 /* LinkEditlView.swift in Sources */,
			);
			runOnlyForDeploymentPostprocessing = 0;
		};
		A16628B32AAADFAF00434C92 /* Sources */ = {
			isa = PBXSourcesBuildPhase;
			buildActionMask = 2147483647;
			files = (
				A16628BC2AAADFAF00434C92 /* LinksTests.swift in Sources */,
			);
			runOnlyForDeploymentPostprocessing = 0;
		};
		A16628BD2AAADFAF00434C92 /* Sources */ = {
			isa = PBXSourcesBuildPhase;
			buildActionMask = 2147483647;
			files = (
				A16628C82AAADFAF00434C92 /* LinksUITestsLaunchTests.swift in Sources */,
				A16628C62AAADFAF00434C92 /* LinksUITests.swift in Sources */,
			);
			runOnlyForDeploymentPostprocessing = 0;
		};
/* End PBXSourcesBuildPhase section */

/* Begin PBXTargetDependency section */
		A16628B92AAADFAF00434C92 /* PBXTargetDependency */ = {
			isa = PBXTargetDependency;
			target = A16628A62AAADFAE00434C92 /* Links */;
			targetProxy = A16628B82AAADFAF00434C92 /* PBXContainerItemProxy */;
		};
		A16628C32AAADFAF00434C92 /* PBXTargetDependency */ = {
			isa = PBXTargetDependency;
			target = A16628A62AAADFAE00434C92 /* Links */;
			targetProxy = A16628C22AAADFAF00434C92 /* PBXContainerItemProxy */;
		};
/* End PBXTargetDependency section */

/* Begin XCBuildConfiguration section */
		A16628C92AAADFAF00434C92 /* Debug */ = {
			isa = XCBuildConfiguration;
			buildSettings = {
				ALWAYS_SEARCH_USER_PATHS = NO;
				CLANG_ANALYZER_NONNULL = YES;
				CLANG_ANALYZER_NUMBER_OBJECT_CONVERSION = YES_AGGRESSIVE;
				CLANG_CXX_LANGUAGE_STANDARD = "gnu++20";
				CLANG_ENABLE_MODULES = YES;
				CLANG_ENABLE_OBJC_ARC = YES;
				CLANG_ENABLE_OBJC_WEAK = YES;
				CLANG_WARN_BLOCK_CAPTURE_AUTORELEASING = YES;
				CLANG_WARN_BOOL_CONVERSION = YES;
				CLANG_WARN_COMMA = YES;
				CLANG_WARN_CONSTANT_CONVERSION = YES;
				CLANG_WARN_DEPRECATED_OBJC_IMPLEMENTATIONS = YES;
				CLANG_WARN_DIRECT_OBJC_ISA_USAGE = YES_ERROR;
				CLANG_WARN_DOCUMENTATION_COMMENTS = YES;
				CLANG_WARN_EMPTY_BODY = YES;
				CLANG_WARN_ENUM_CONVERSION = YES;
				CLANG_WARN_INFINITE_RECURSION = YES;
				CLANG_WARN_INT_CONVERSION = YES;
				CLANG_WARN_NON_LITERAL_NULL_CONVERSION = YES;
				CLANG_WARN_OBJC_IMPLICIT_RETAIN_SELF = YES;
				CLANG_WARN_OBJC_LITERAL_CONVERSION = YES;
				CLANG_WARN_OBJC_ROOT_CLASS = YES_ERROR;
				CLANG_WARN_QUOTED_INCLUDE_IN_FRAMEWORK_HEADER = YES;
				CLANG_WARN_RANGE_LOOP_ANALYSIS = YES;
				CLANG_WARN_STRICT_PROTOTYPES = YES;
				CLANG_WARN_SUSPICIOUS_MOVE = YES;
				CLANG_WARN_UNGUARDED_AVAILABILITY = YES_AGGRESSIVE;
				CLANG_WARN_UNREACHABLE_CODE = YES;
				CLANG_WARN__DUPLICATE_METHOD_MATCH = YES;
				COPY_PHASE_STRIP = NO;
				DEBUG_INFORMATION_FORMAT = dwarf;
				ENABLE_STRICT_OBJC_MSGSEND = YES;
				ENABLE_TESTABILITY = YES;
				GCC_C_LANGUAGE_STANDARD = gnu11;
				GCC_DYNAMIC_NO_PIC = NO;
				GCC_NO_COMMON_BLOCKS = YES;
				GCC_OPTIMIZATION_LEVEL = 0;
				GCC_PREPROCESSOR_DEFINITIONS = (
					"DEBUG=1",
					"$(inherited)",
				);
				GCC_WARN_64_TO_32_BIT_CONVERSION = YES;
				GCC_WARN_ABOUT_RETURN_TYPE = YES_ERROR;
				GCC_WARN_UNDECLARED_SELECTOR = YES;
				GCC_WARN_UNINITIALIZED_AUTOS = YES_AGGRESSIVE;
				GCC_WARN_UNUSED_FUNCTION = YES;
				GCC_WARN_UNUSED_VARIABLE = YES;
				IPHONEOS_DEPLOYMENT_TARGET = 16.4;
				MTL_ENABLE_DEBUG_INFO = INCLUDE_SOURCE;
				MTL_FAST_MATH = YES;
				ONLY_ACTIVE_ARCH = YES;
				SDKROOT = iphoneos;
				SWIFT_ACTIVE_COMPILATION_CONDITIONS = DEBUG;
				SWIFT_OPTIMIZATION_LEVEL = "-Onone";
			};
			name = Debug;
		};
		A16628CA2AAADFAF00434C92 /* Release */ = {
			isa = XCBuildConfiguration;
			buildSettings = {
				ALWAYS_SEARCH_USER_PATHS = NO;
				CLANG_ANALYZER_NONNULL = YES;
				CLANG_ANALYZER_NUMBER_OBJECT_CONVERSION = YES_AGGRESSIVE;
				CLANG_CXX_LANGUAGE_STANDARD = "gnu++20";
				CLANG_ENABLE_MODULES = YES;
				CLANG_ENABLE_OBJC_ARC = YES;
				CLANG_ENABLE_OBJC_WEAK = YES;
				CLANG_WARN_BLOCK_CAPTURE_AUTORELEASING = YES;
				CLANG_WARN_BOOL_CONVERSION = YES;
				CLANG_WARN_COMMA = YES;
				CLANG_WARN_CONSTANT_CONVERSION = YES;
				CLANG_WARN_DEPRECATED_OBJC_IMPLEMENTATIONS = YES;
				CLANG_WARN_DIRECT_OBJC_ISA_USAGE = YES_ERROR;
				CLANG_WARN_DOCUMENTATION_COMMENTS = YES;
				CLANG_WARN_EMPTY_BODY = YES;
				CLANG_WARN_ENUM_CONVERSION = YES;
				CLANG_WARN_INFINITE_RECURSION = YES;
				CLANG_WARN_INT_CONVERSION = YES;
				CLANG_WARN_NON_LITERAL_NULL_CONVERSION = YES;
				CLANG_WARN_OBJC_IMPLICIT_RETAIN_SELF = YES;
				CLANG_WARN_OBJC_LITERAL_CONVERSION = YES;
				CLANG_WARN_OBJC_ROOT_CLASS = YES_ERROR;
				CLANG_WARN_QUOTED_INCLUDE_IN_FRAMEWORK_HEADER = YES;
				CLANG_WARN_RANGE_LOOP_ANALYSIS = YES;
				CLANG_WARN_STRICT_PROTOTYPES = YES;
				CLANG_WARN_SUSPICIOUS_MOVE = YES;
				CLANG_WARN_UNGUARDED_AVAILABILITY = YES_AGGRESSIVE;
				CLANG_WARN_UNREACHABLE_CODE = YES;
				CLANG_WARN__DUPLICATE_METHOD_MATCH = YES;
				COPY_PHASE_STRIP = NO;
				DEBUG_INFORMATION_FORMAT = "dwarf-with-dsym";
				ENABLE_NS_ASSERTIONS = NO;
				ENABLE_STRICT_OBJC_MSGSEND = YES;
				GCC_C_LANGUAGE_STANDARD = gnu11;
				GCC_NO_COMMON_BLOCKS = YES;
				GCC_WARN_64_TO_32_BIT_CONVERSION = YES;
				GCC_WARN_ABOUT_RETURN_TYPE = YES_ERROR;
				GCC_WARN_UNDECLARED_SELECTOR = YES;
				GCC_WARN_UNINITIALIZED_AUTOS = YES_AGGRESSIVE;
				GCC_WARN_UNUSED_FUNCTION = YES;
				GCC_WARN_UNUSED_VARIABLE = YES;
				IPHONEOS_DEPLOYMENT_TARGET = 16.4;
				MTL_ENABLE_DEBUG_INFO = NO;
				MTL_FAST_MATH = YES;
				SDKROOT = iphoneos;
				SWIFT_COMPILATION_MODE = wholemodule;
				SWIFT_OPTIMIZATION_LEVEL = "-O";
				VALIDATE_PRODUCT = YES;
			};
			name = Release;
		};
		A16628CC2AAADFAF00434C92 /* Debug */ = {
			isa = XCBuildConfiguration;
			buildSettings = {
				ASSETCATALOG_COMPILER_APPICON_NAME = AppIcon;
				ASSETCATALOG_COMPILER_GLOBAL_ACCENT_COLOR_NAME = AccentColor;
				CODE_SIGN_STYLE = Automatic;
				CURRENT_PROJECT_VERSION = 1;
				DEVELOPMENT_ASSET_PATHS = "\"Links/Preview Content\"";
				ENABLE_PREVIEWS = YES;
				GENERATE_INFOPLIST_FILE = YES;
				INFOPLIST_KEY_UIApplicationSceneManifest_Generation = YES;
				INFOPLIST_KEY_UIApplicationSupportsIndirectInputEvents = YES;
				INFOPLIST_KEY_UILaunchScreen_Generation = YES;
				INFOPLIST_KEY_UISupportedInterfaceOrientations_iPad = "UIInterfaceOrientationPortrait UIInterfaceOrientationPortraitUpsideDown UIInterfaceOrientationLandscapeLeft UIInterfaceOrientationLandscapeRight";
				INFOPLIST_KEY_UISupportedInterfaceOrientations_iPhone = "UIInterfaceOrientationPortrait UIInterfaceOrientationLandscapeLeft UIInterfaceOrientationLandscapeRight";
				LD_RUNPATH_SEARCH_PATHS = (
					"$(inherited)",
					"@executable_path/Frameworks",
				);
				MARKETING_VERSION = 1.0;
				PRODUCT_BUNDLE_IDENTIFIER = nk.Links;
				PRODUCT_NAME = "$(TARGET_NAME)";
				SWIFT_EMIT_LOC_STRINGS = YES;
				SWIFT_VERSION = 5.0;
				TARGETED_DEVICE_FAMILY = "1,2";
			};
			name = Debug;
		};
		A16628CD2AAADFAF00434C92 /* Release */ = {
			isa = XCBuildConfiguration;
			buildSettings = {
				ASSETCATALOG_COMPILER_APPICON_NAME = AppIcon;
				ASSETCATALOG_COMPILER_GLOBAL_ACCENT_COLOR_NAME = AccentColor;
				CODE_SIGN_STYLE = Automatic;
				CURRENT_PROJECT_VERSION = 1;
				DEVELOPMENT_ASSET_PATHS = "\"Links/Preview Content\"";
				ENABLE_PREVIEWS = YES;
				GENERATE_INFOPLIST_FILE = YES;
				INFOPLIST_KEY_UIApplicationSceneManifest_Generation = YES;
				INFOPLIST_KEY_UIApplicationSupportsIndirectInputEvents = YES;
				INFOPLIST_KEY_UILaunchScreen_Generation = YES;
				INFOPLIST_KEY_UISupportedInterfaceOrientations_iPad = "UIInterfaceOrientationPortrait UIInterfaceOrientationPortraitUpsideDown UIInterfaceOrientationLandscapeLeft UIInterfaceOrientationLandscapeRight";
				INFOPLIST_KEY_UISupportedInterfaceOrientations_iPhone = "UIInterfaceOrientationPortrait UIInterfaceOrientationLandscapeLeft UIInterfaceOrientationLandscapeRight";
				LD_RUNPATH_SEARCH_PATHS = (
					"$(inherited)",
					"@executable_path/Frameworks",
				);
				MARKETING_VERSION = 1.0;
				PRODUCT_BUNDLE_IDENTIFIER = nk.Links;
				PRODUCT_NAME = "$(TARGET_NAME)";
				SWIFT_EMIT_LOC_STRINGS = YES;
				SWIFT_VERSION = 5.0;
				TARGETED_DEVICE_FAMILY = "1,2";
			};
			name = Release;
		};
		A16628CF2AAADFAF00434C92 /* Debug */ = {
			isa = XCBuildConfiguration;
			buildSettings = {
				ALWAYS_EMBED_SWIFT_STANDARD_LIBRARIES = YES;
				BUNDLE_LOADER = "$(TEST_HOST)";
				CODE_SIGN_STYLE = Automatic;
				CURRENT_PROJECT_VERSION = 1;
				GENERATE_INFOPLIST_FILE = YES;
				IPHONEOS_DEPLOYMENT_TARGET = 16.4;
				MARKETING_VERSION = 1.0;
				PRODUCT_BUNDLE_IDENTIFIER = nk.LinksTests;
				PRODUCT_NAME = "$(TARGET_NAME)";
				SWIFT_EMIT_LOC_STRINGS = NO;
				SWIFT_VERSION = 5.0;
				TARGETED_DEVICE_FAMILY = "1,2";
				TEST_HOST = "$(BUILT_PRODUCTS_DIR)/Links.app/$(BUNDLE_EXECUTABLE_FOLDER_PATH)/Links";
			};
			name = Debug;
		};
		A16628D02AAADFAF00434C92 /* Release */ = {
			isa = XCBuildConfiguration;
			buildSettings = {
				ALWAYS_EMBED_SWIFT_STANDARD_LIBRARIES = YES;
				BUNDLE_LOADER = "$(TEST_HOST)";
				CODE_SIGN_STYLE = Automatic;
				CURRENT_PROJECT_VERSION = 1;
				GENERATE_INFOPLIST_FILE = YES;
				IPHONEOS_DEPLOYMENT_TARGET = 16.4;
				MARKETING_VERSION = 1.0;
				PRODUCT_BUNDLE_IDENTIFIER = nk.LinksTests;
				PRODUCT_NAME = "$(TARGET_NAME)";
				SWIFT_EMIT_LOC_STRINGS = NO;
				SWIFT_VERSION = 5.0;
				TARGETED_DEVICE_FAMILY = "1,2";
				TEST_HOST = "$(BUILT_PRODUCTS_DIR)/Links.app/$(BUNDLE_EXECUTABLE_FOLDER_PATH)/Links";
			};
			name = Release;
		};
		A16628D22AAADFAF00434C92 /* Debug */ = {
			isa = XCBuildConfiguration;
			buildSettings = {
				ALWAYS_EMBED_SWIFT_STANDARD_LIBRARIES = YES;
				CODE_SIGN_STYLE = Automatic;
				CURRENT_PROJECT_VERSION = 1;
				GENERATE_INFOPLIST_FILE = YES;
				MARKETING_VERSION = 1.0;
				PRODUCT_BUNDLE_IDENTIFIER = nk.LinksUITests;
				PRODUCT_NAME = "$(TARGET_NAME)";
				SWIFT_EMIT_LOC_STRINGS = NO;
				SWIFT_VERSION = 5.0;
				TARGETED_DEVICE_FAMILY = "1,2";
				TEST_TARGET_NAME = Links;
			};
			name = Debug;
		};
		A16628D32AAADFAF00434C92 /* Release */ = {
			isa = XCBuildConfiguration;
			buildSettings = {
				ALWAYS_EMBED_SWIFT_STANDARD_LIBRARIES = YES;
				CODE_SIGN_STYLE = Automatic;
				CURRENT_PROJECT_VERSION = 1;
				GENERATE_INFOPLIST_FILE = YES;
				MARKETING_VERSION = 1.0;
				PRODUCT_BUNDLE_IDENTIFIER = nk.LinksUITests;
				PRODUCT_NAME = "$(TARGET_NAME)";
				SWIFT_EMIT_LOC_STRINGS = NO;
				SWIFT_VERSION = 5.0;
				TARGETED_DEVICE_FAMILY = "1,2";
				TEST_TARGET_NAME = Links;
			};
			name = Release;
		};
/* End XCBuildConfiguration section */

/* Begin XCConfigurationList section */
		A16628A22AAADFAE00434C92 /* Build configuration list for PBXProject "Links" */ = {
			isa = XCConfigurationList;
			buildConfigurations = (
				A16628C92AAADFAF00434C92 /* Debug */,
				A16628CA2AAADFAF00434C92 /* Release */,
			);
			defaultConfigurationIsVisible = 0;
			defaultConfigurationName = Release;
		};
		A16628CB2AAADFAF00434C92 /* Build configuration list for PBXNativeTarget "Links" */ = {
			isa = XCConfigurationList;
			buildConfigurations = (
				A16628CC2AAADFAF00434C92 /* Debug */,
				A16628CD2AAADFAF00434C92 /* Release */,
			);
			defaultConfigurationIsVisible = 0;
			defaultConfigurationName = Release;
		};
		A16628CE2AAADFAF00434C92 /* Build configuration list for PBXNativeTarget "LinksTests" */ = {
			isa = XCConfigurationList;
			buildConfigurations = (
				A16628CF2AAADFAF00434C92 /* Debug */,
				A16628D02AAADFAF00434C92 /* Release */,
			);
			defaultConfigurationIsVisible = 0;
			defaultConfigurationName = Release;
		};
		A16628D12AAADFAF00434C92 /* Build configuration list for PBXNativeTarget "LinksUITests" */ = {
			isa = XCConfigurationList;
			buildConfigurations = (
				A16628D22AAADFAF00434C92 /* Debug */,
				A16628D32AAADFAF00434C92 /* Release */,
			);
			defaultConfigurationIsVisible = 0;
			defaultConfigurationName = Release;
		};
/* End XCConfigurationList section */
	};
	rootObject = A166289F2AAADFAE00434C92 /* Project object */;
}
